// !$*UTF8*$!
{
	archiveVersion = 1;
	classes = {
	};
	objectVersion = 46;
	objects = {

/* Begin PBXBuildFile section */
		2B328E57203073C9008E11D8 /* AppDelegate.swift in Sources */ = {isa = PBXBuildFile; fileRef = 2B328E56203073C9008E11D8 /* AppDelegate.swift */; };
		2B328E59203073C9008E11D8 /* FirstViewController.swift in Sources */ = {isa = PBXBuildFile; fileRef = 2B328E58203073C9008E11D8 /* FirstViewController.swift */; };
		2B328E5B203073C9008E11D8 /* SecondViewController.swift in Sources */ = {isa = PBXBuildFile; fileRef = 2B328E5A203073C9008E11D8 /* SecondViewController.swift */; };
		2B328E5E203073C9008E11D8 /* Main.storyboard in Resources */ = {isa = PBXBuildFile; fileRef = 2B328E5C203073C9008E11D8 /* Main.storyboard */; };
		2B328E60203073C9008E11D8 /* Assets.xcassets in Resources */ = {isa = PBXBuildFile; fileRef = 2B328E5F203073C9008E11D8 /* Assets.xcassets */; };
		2B328E63203073C9008E11D8 /* LaunchScreen.storyboard in Resources */ = {isa = PBXBuildFile; fileRef = 2B328E61203073C9008E11D8 /* LaunchScreen.storyboard */; };
		2B328E70203075ED008E11D8 /* GoogleService-Info.plist in Resources */ = {isa = PBXBuildFile; fileRef = 2B328E6F203075ED008E11D8 /* GoogleService-Info.plist */; };
		2B8DA0CE203078F6006F73A8 /* DataService.swift in Sources */ = {isa = PBXBuildFile; fileRef = 2B8DA0CD203078F6006F73A8 /* DataService.swift */; };
		D2E8FB8E7C03BE566B0C3A75 /* Pods_breackpoint.framework in Frameworks */ = {isa = PBXBuildFile; fileRef = 2E999E8166B7197A87546F84 /* Pods_breackpoint.framework */; };
/* End PBXBuildFile section */

/* Begin PBXFileReference section */
		2B328E53203073C9008E11D8 /* breackpoint.app */ = {isa = PBXFileReference; explicitFileType = wrapper.application; includeInIndex = 0; path = breackpoint.app; sourceTree = BUILT_PRODUCTS_DIR; };
		2B328E56203073C9008E11D8 /* AppDelegate.swift */ = {isa = PBXFileReference; lastKnownFileType = sourcecode.swift; path = AppDelegate.swift; sourceTree = "<group>"; };
		2B328E58203073C9008E11D8 /* FirstViewController.swift */ = {isa = PBXFileReference; lastKnownFileType = sourcecode.swift; name = FirstViewController.swift; path = breackpoint/FirstViewController.swift; sourceTree = "<group>"; };
		2B328E5A203073C9008E11D8 /* SecondViewController.swift */ = {isa = PBXFileReference; lastKnownFileType = sourcecode.swift; name = SecondViewController.swift; path = breackpoint/SecondViewController.swift; sourceTree = "<group>"; };
		2B328E5D203073C9008E11D8 /* Base */ = {isa = PBXFileReference; lastKnownFileType = file.storyboard; name = Base; path = Base.lproj/Main.storyboard; sourceTree = "<group>"; };
		2B328E5F203073C9008E11D8 /* Assets.xcassets */ = {isa = PBXFileReference; lastKnownFileType = folder.assetcatalog; path = Assets.xcassets; sourceTree = "<group>"; };
		2B328E62203073C9008E11D8 /* Base */ = {isa = PBXFileReference; lastKnownFileType = file.storyboard; name = Base; path = Base.lproj/LaunchScreen.storyboard; sourceTree = "<group>"; };
		2B328E64203073C9008E11D8 /* Info.plist */ = {isa = PBXFileReference; lastKnownFileType = text.plist.xml; path = Info.plist; sourceTree = "<group>"; };
		2B328E6F203075ED008E11D8 /* GoogleService-Info.plist */ = {isa = PBXFileReference; fileEncoding = 4; lastKnownFileType = text.plist.xml; path = "GoogleService-Info.plist"; sourceTree = "<group>"; };
		2B8DA0CD203078F6006F73A8 /* DataService.swift */ = {isa = PBXFileReference; fileEncoding = 4; lastKnownFileType = sourcecode.swift; path = DataService.swift; sourceTree = "<group>"; };
		2E999E8166B7197A87546F84 /* Pods_breackpoint.framework */ = {isa = PBXFileReference; explicitFileType = wrapper.framework; includeInIndex = 0; path = Pods_breackpoint.framework; sourceTree = BUILT_PRODUCTS_DIR; };
		4DE8D2E8021F06F0F97BC4C6 /* Pods-breackpoint.release.xcconfig */ = {isa = PBXFileReference; includeInIndex = 1; lastKnownFileType = text.xcconfig; name = "Pods-breackpoint.release.xcconfig"; path = "Pods/Target Support Files/Pods-breackpoint/Pods-breackpoint.release.xcconfig"; sourceTree = "<group>"; };
		D0E4522524A8BDE4B0606A82 /* Pods-breackpoint.debug.xcconfig */ = {isa = PBXFileReference; includeInIndex = 1; lastKnownFileType = text.xcconfig; name = "Pods-breackpoint.debug.xcconfig"; path = "Pods/Target Support Files/Pods-breackpoint/Pods-breackpoint.debug.xcconfig"; sourceTree = "<group>"; };
/* End PBXFileReference section */

/* Begin PBXFrameworksBuildPhase section */
		2B328E50203073C9008E11D8 /* Frameworks */ = {
			isa = PBXFrameworksBuildPhase;
			buildActionMask = 2147483647;
			files = (
				D2E8FB8E7C03BE566B0C3A75 /* Pods_breackpoint.framework in Frameworks */,
			);
			runOnlyForDeploymentPostprocessing = 0;
		};
/* End PBXFrameworksBuildPhase section */

/* Begin PBXGroup section */
		2B328E4A203073C9008E11D8 = {
			isa = PBXGroup;
			children = (
				2B328E6E20307445008E11D8 /* Services */,
				2B328E6D20307417008E11D8 /* Extensions */,
				2B328E6C20307402008E11D8 /* Model */,
				2B328E6B203073FC008E11D8 /* Views */,
				2B328E6A203073D2008E11D8 /* Controller */,
				2B328E55203073C9008E11D8 /* breackpoint */,
				2B328E54203073C9008E11D8 /* Products */,
				D7B37021A2F99583122B385E /* Pods */,
				73AF55B8D8860DA899F92C91 /* Frameworks */,
			);
			sourceTree = "<group>";
		};
		2B328E54203073C9008E11D8 /* Products */ = {
			isa = PBXGroup;
			children = (
				2B328E53203073C9008E11D8 /* breackpoint.app */,
			);
			name = Products;
			sourceTree = "<group>";
		};
		2B328E55203073C9008E11D8 /* breackpoint */ = {
			isa = PBXGroup;
			children = (
				2B328E56203073C9008E11D8 /* AppDelegate.swift */,
				2B328E5C203073C9008E11D8 /* Main.storyboard */,
				2B328E5F203073C9008E11D8 /* Assets.xcassets */,
				2B328E61203073C9008E11D8 /* LaunchScreen.storyboard */,
				2B328E64203073C9008E11D8 /* Info.plist */,
				2B328E6F203075ED008E11D8 /* GoogleService-Info.plist */,
			);
			path = breackpoint;
			sourceTree = "<group>";
		};
		2B328E6A203073D2008E11D8 /* Controller */ = {
			isa = PBXGroup;
			children = (
				2B328E58203073C9008E11D8 /* FirstViewController.swift */,
				2B328E5A203073C9008E11D8 /* SecondViewController.swift */,
			);
			name = Controller;
			sourceTree = "<group>";
		};
		2B328E6B203073FC008E11D8 /* Views */ = {
			isa = PBXGroup;
			children = (
			);
			name = Views;
			sourceTree = "<group>";
		};
		2B328E6C20307402008E11D8 /* Model */ = {
			isa = PBXGroup;
			children = (
			);
			name = Model;
			sourceTree = "<group>";
		};
		2B328E6D20307417008E11D8 /* Extensions */ = {
			isa = PBXGroup;
			children = (
			);
			name = Extensions;
			sourceTree = "<group>";
		};
		2B328E6E20307445008E11D8 /* Services */ = {
			isa = PBXGroup;
			children = (
				2B8DA0CD203078F6006F73A8 /* DataService.swift */,
			);
			name = Services;
			sourceTree = "<group>";
		};
		73AF55B8D8860DA899F92C91 /* Frameworks */ = {
			isa = PBXGroup;
			children = (
				2E999E8166B7197A87546F84 /* Pods_breackpoint.framework */,
			);
			name = Frameworks;
			sourceTree = "<group>";
		};
		D7B37021A2F99583122B385E /* Pods */ = {
			isa = PBXGroup;
			children = (
				D0E4522524A8BDE4B0606A82 /* Pods-breackpoint.debug.xcconfig */,
				4DE8D2E8021F06F0F97BC4C6 /* Pods-breackpoint.release.xcconfig */,
			);
			name = Pods;
			sourceTree = "<group>";
		};
/* End PBXGroup section */

/* Begin PBXNativeTarget section */
		2B328E52203073C9008E11D8 /* breackpoint */ = {
			isa = PBXNativeTarget;
			buildConfigurationList = 2B328E67203073C9008E11D8 /* Build configuration list for PBXNativeTarget "breackpoint" */;
			buildPhases = (
				7E85F15E9C40FD4D1634E18A /* [CP] Check Pods Manifest.lock */,
				2B328E4F203073C9008E11D8 /* Sources */,
				2B328E50203073C9008E11D8 /* Frameworks */,
				2B328E51203073C9008E11D8 /* Resources */,
				642858E0C3BBA2583DB82906 /* [CP] Embed Pods Frameworks */,
				B4E94797257BB2A9112BB428 /* [CP] Copy Pods Resources */,
			);
			buildRules = (
			);
			dependencies = (
			);
			name = breackpoint;
			productName = breackpoint;
			productReference = 2B328E53203073C9008E11D8 /* breackpoint.app */;
			productType = "com.apple.product-type.application";
		};
/* End PBXNativeTarget section */

/* Begin PBXProject section */
		2B328E4B203073C9008E11D8 /* Project object */ = {
			isa = PBXProject;
			attributes = {
				LastSwiftUpdateCheck = 0820;
				LastUpgradeCheck = 0820;
				ORGANIZATIONNAME = "Sebastian Salamanca";
				TargetAttributes = {
					2B328E52203073C9008E11D8 = {
						CreatedOnToolsVersion = 8.2.1;
						ProvisioningStyle = Automatic;
					};
				};
			};
			buildConfigurationList = 2B328E4E203073C9008E11D8 /* Build configuration list for PBXProject "breackpoint" */;
			compatibilityVersion = "Xcode 3.2";
			developmentRegion = English;
			hasScannedForEncodings = 0;
			knownRegions = (
				en,
				Base,
			);
			mainGroup = 2B328E4A203073C9008E11D8;
			productRefGroup = 2B328E54203073C9008E11D8 /* Products */;
			projectDirPath = "";
			projectRoot = "";
			targets = (
				2B328E52203073C9008E11D8 /* breackpoint */,
			);
		};
/* End PBXProject section */

/* Begin PBXResourcesBuildPhase section */
		2B328E51203073C9008E11D8 /* Resources */ = {
			isa = PBXResourcesBuildPhase;
			buildActionMask = 2147483647;
			files = (
				2B328E63203073C9008E11D8 /* LaunchScreen.storyboard in Resources */,
				2B328E70203075ED008E11D8 /* GoogleService-Info.plist in Resources */,
				2B328E60203073C9008E11D8 /* Assets.xcassets in Resources */,
				2B328E5E203073C9008E11D8 /* Main.storyboard in Resources */,
			);
			runOnlyForDeploymentPostprocessing = 0;
		};
/* End PBXResourcesBuildPhase section */

/* Begin PBXShellScriptBuildPhase section */
		642858E0C3BBA2583DB82906 /* [CP] Embed Pods Frameworks */ = {
			isa = PBXShellScriptBuildPhase;
			buildActionMask = 2147483647;
			files = (
			);
			inputPaths = (
				"${SRCROOT}/Pods/Target Support Files/Pods-breackpoint/Pods-breackpoint-frameworks.sh",
				"${BUILT_PRODUCTS_DIR}/GTMSessionFetcher/GTMSessionFetcher.framework",
				"${BUILT_PRODUCTS_DIR}/GoogleToolboxForMac/GoogleToolboxForMac.framework",
				"${BUILT_PRODUCTS_DIR}/leveldb-library/leveldb.framework",
				"${BUILT_PRODUCTS_DIR}/nanopb/nanopb.framework",
			);
			name = "[CP] Embed Pods Frameworks";
			outputPaths = (
				"${TARGET_BUILD_DIR}/${FRAMEWORKS_FOLDER_PATH}/GTMSessionFetcher.framework",
				"${TARGET_BUILD_DIR}/${FRAMEWORKS_FOLDER_PATH}/GoogleToolboxForMac.framework",
				"${TARGET_BUILD_DIR}/${FRAMEWORKS_FOLDER_PATH}/leveldb.framework",
				"${TARGET_BUILD_DIR}/${FRAMEWORKS_FOLDER_PATH}/nanopb.framework",
			);
			runOnlyForDeploymentPostprocessing = 0;
			shellPath = /bin/sh;
			shellScript = "\"${SRCROOT}/Pods/Target Support Files/Pods-breackpoint/Pods-breackpoint-frameworks.sh\"\n";
			showEnvVarsInLog = 0;
		};
		7E85F15E9C40FD4D1634E18A /* [CP] Check Pods Manifest.lock */ = {
			isa = PBXShellScriptBuildPhase;
			buildActionMask = 2147483647;
			files = (
			);
			inputPaths = (
				"${PODS_PODFILE_DIR_PATH}/Podfile.lock",
				"${PODS_ROOT}/Manifest.lock",
			);
			name = "[CP] Check Pods Manifest.lock";
			outputPaths = (
				"$(DERIVED_FILE_DIR)/Pods-breackpoint-checkManifestLockResult.txt",
			);
			runOnlyForDeploymentPostprocessing = 0;
			shellPath = /bin/sh;
			shellScript = "diff \"${PODS_PODFILE_DIR_PATH}/Podfile.lock\" \"${PODS_ROOT}/Manifest.lock\" > /dev/null\nif [ $? != 0 ] ; then\n    # print error to STDERR\n    echo \"error: The sandbox is not in sync with the Podfile.lock. Run 'pod install' or update your CocoaPods installation.\" >&2\n    exit 1\nfi\n# This output is used by Xcode 'outputs' to avoid re-running this script phase.\necho \"SUCCESS\" > \"${SCRIPT_OUTPUT_FILE_0}\"\n";
			showEnvVarsInLog = 0;
		};
		B4E94797257BB2A9112BB428 /* [CP] Copy Pods Resources */ = {
			isa = PBXShellScriptBuildPhase;
			buildActionMask = 2147483647;
			files = (
			);
			inputPaths = (
			);
			name = "[CP] Copy Pods Resources";
			outputPaths = (
			);
			runOnlyForDeploymentPostprocessing = 0;
			shellPath = /bin/sh;
			shellScript = "\"${SRCROOT}/Pods/Target Support Files/Pods-breackpoint/Pods-breackpoint-resources.sh\"\n";
			showEnvVarsInLog = 0;
		};
/* End PBXShellScriptBuildPhase section */

/* Begin PBXSourcesBuildPhase section */
		2B328E4F203073C9008E11D8 /* Sources */ = {
			isa = PBXSourcesBuildPhase;
			buildActionMask = 2147483647;
			files = (
				2B328E5B203073C9008E11D8 /* SecondViewController.swift in Sources */,
				2B328E57203073C9008E11D8 /* AppDelegate.swift in Sources */,
				2B328E59203073C9008E11D8 /* FirstViewController.swift in Sources */,
				2B8DA0CE203078F6006F73A8 /* DataService.swift in Sources */,
			);
			runOnlyForDeploymentPostprocessing = 0;
		};
/* End PBXSourcesBuildPhase section */

/* Begin PBXVariantGroup section */
		2B328E5C203073C9008E11D8 /* Main.storyboard */ = {
			isa = PBXVariantGroup;
			children = (
				2B328E5D203073C9008E11D8 /* Base */,
			);
			name = Main.storyboard;
			sourceTree = "<group>";
		};
		2B328E61203073C9008E11D8 /* LaunchScreen.storyboard */ = {
			isa = PBXVariantGroup;
			children = (
				2B328E62203073C9008E11D8 /* Base */,
			);
			name = LaunchScreen.storyboard;
			sourceTree = "<group>";
		};
/* End PBXVariantGroup section */

/* Begin XCBuildConfiguration section */
		2B328E65203073C9008E11D8 /* Debug */ = {
			isa = XCBuildConfiguration;
			buildSettings = {
				ALWAYS_SEARCH_USER_PATHS = NO;
				CLANG_ANALYZER_NONNULL = YES;
				CLANG_CXX_LANGUAGE_STANDARD = "gnu++0x";
				CLANG_CXX_LIBRARY = "libc++";
				CLANG_ENABLE_MODULES = YES;
				CLANG_ENABLE_OBJC_ARC = YES;
				CLANG_WARN_BOOL_CONVERSION = YES;
				CLANG_WARN_CONSTANT_CONVERSION = YES;
				CLANG_WARN_DIRECT_OBJC_ISA_USAGE = YES_ERROR;
				CLANG_WARN_DOCUMENTATION_COMMENTS = YES;
				CLANG_WARN_EMPTY_BODY = YES;
				CLANG_WARN_ENUM_CONVERSION = YES;
				CLANG_WARN_INFINITE_RECURSION = YES;
				CLANG_WARN_INT_CONVERSION = YES;
				CLANG_WARN_OBJC_ROOT_CLASS = YES_ERROR;
				CLANG_WARN_SUSPICIOUS_MOVE = YES;
				CLANG_WARN_UNREACHABLE_CODE = YES;
				CLANG_WARN__DUPLICATE_METHOD_MATCH = YES;
				"CODE_SIGN_IDENTITY[sdk=iphoneos*]" = "iPhone Developer";
				COPY_PHASE_STRIP = NO;
				DEBUG_INFORMATION_FORMAT = dwarf;
				ENABLE_STRICT_OBJC_MSGSEND = YES;
				ENABLE_TESTABILITY = YES;
				GCC_C_LANGUAGE_STANDARD = gnu99;
				GCC_DYNAMIC_NO_PIC = NO;
				GCC_NO_COMMON_BLOCKS = YES;
				GCC_OPTIMIZATION_LEVEL = 0;
				GCC_PREPROCESSOR_DEFINITIONS = (
					"DEBUG=1",
					"$(inherited)",
				);
				GCC_WARN_64_TO_32_BIT_CONVERSION = YES;
				GCC_WARN_ABOUT_RETURN_TYPE = YES_ERROR;
				GCC_WARN_UNDECLARED_SELECTOR = YES;
				GCC_WARN_UNINITIALIZED_AUTOS = YES_AGGRESSIVE;
				GCC_WARN_UNUSED_FUNCTION = YES;
				GCC_WARN_UNUSED_VARIABLE = YES;
				IPHONEOS_DEPLOYMENT_TARGET = 10.2;
				MTL_ENABLE_DEBUG_INFO = YES;
				ONLY_ACTIVE_ARCH = YES;
				SDKROOT = iphoneos;
				SWIFT_ACTIVE_COMPILATION_CONDITIONS = DEBUG;
				SWIFT_OPTIMIZATION_LEVEL = "-Onone";
			};
			name = Debug;
		};
		2B328E66203073C9008E11D8 /* Release */ = {
			isa = XCBuildConfiguration;
			buildSettings = {
				ALWAYS_SEARCH_USER_PATHS = NO;
				CLANG_ANALYZER_NONNULL = YES;
				CLANG_CXX_LANGUAGE_STANDARD = "gnu++0x";
				CLANG_CXX_LIBRARY = "libc++";
				CLANG_ENABLE_MODULES = YES;
				CLANG_ENABLE_OBJC_ARC = YES;
				CLANG_WARN_BOOL_CONVERSION = YES;
				CLANG_WARN_CONSTANT_CONVERSION = YES;
				CLANG_WARN_DIRECT_OBJC_ISA_USAGE = YES_ERROR;
				CLANG_WARN_DOCUMENTATION_COMMENTS = YES;
				CLANG_WARN_EMPTY_BODY = YES;
				CLANG_WARN_ENUM_CONVERSION = YES;
				CLANG_WARN_INFINITE_RECURSION = YES;
				CLANG_WARN_INT_CONVERSION = YES;
				CLANG_WARN_OBJC_ROOT_CLASS = YES_ERROR;
				CLANG_WARN_SUSPICIOUS_MOVE = YES;
				CLANG_WARN_UNREACHABLE_CODE = YES;
				CLANG_WARN__DUPLICATE_METHOD_MATCH = YES;
				"CODE_SIGN_IDENTITY[sdk=iphoneos*]" = "iPhone Developer";
				COPY_PHASE_STRIP = NO;
				DEBUG_INFORMATION_FORMAT = "dwarf-with-dsym";
				ENABLE_NS_ASSERTIONS = NO;
				ENABLE_STRICT_OBJC_MSGSEND = YES;
				GCC_C_LANGUAGE_STANDARD = gnu99;
				GCC_NO_COMMON_BLOCKS = YES;
				GCC_WARN_64_TO_32_BIT_CONVERSION = YES;
				GCC_WARN_ABOUT_RETURN_TYPE = YES_ERROR;
				GCC_WARN_UNDECLARED_SELECTOR = YES;
				GCC_WARN_UNINITIALIZED_AUTOS = YES_AGGRESSIVE;
				GCC_WARN_UNUSED_FUNCTION = YES;
				GCC_WARN_UNUSED_VARIABLE = YES;
				IPHONEOS_DEPLOYMENT_TARGET = 10.2;
				MTL_ENABLE_DEBUG_INFO = NO;
				SDKROOT = iphoneos;
				SWIFT_OPTIMIZATION_LEVEL = "-Owholemodule";
				VALIDATE_PRODUCT = YES;
			};
			name = Release;
		};
		2B328E68203073C9008E11D8 /* Debug */ = {
			isa = XCBuildConfiguration;
			baseConfigurationReference = D0E4522524A8BDE4B0606A82 /* Pods-breackpoint.debug.xcconfig */;
			buildSettings = {
				ASSETCATALOG_COMPILER_APPICON_NAME = AppIcon;
				INFOPLIST_FILE = breackpoint/Info.plist;
				LD_RUNPATH_SEARCH_PATHS = "$(inherited) @executable_path/Frameworks";
				PRODUCT_BUNDLE_IDENTIFIER = com.cratepull.breackpoint;
				PRODUCT_NAME = "$(TARGET_NAME)";
				SWIFT_VERSION = 3.0;
			};
			name = Debug;
		};
		2B328E69203073C9008E11D8 /* Release */ = {
			isa = XCBuildConfiguration;
			baseConfigurationReference = 4DE8D2E8021F06F0F97BC4C6 /* Pods-breackpoint.release.xcconfig */;
			buildSettings = {
				ASSETCATALOG_COMPILER_APPICON_NAME = AppIcon;
				INFOPLIST_FILE = breackpoint/Info.plist;
				LD_RUNPATH_SEARCH_PATHS = "$(inherited) @executable_path/Frameworks";
				PRODUCT_BUNDLE_IDENTIFIER = com.cratepull.breackpoint;
				PRODUCT_NAME = "$(TARGET_NAME)";
				SWIFT_VERSION = 3.0;
			};
			name = Release;
		};
/* End XCBuildConfiguration section */

/* Begin XCConfigurationList section */
		2B328E4E203073C9008E11D8 /* Build configuration list for PBXProject "breackpoint" */ = {
			isa = XCConfigurationList;
			buildConfigurations = (
				2B328E65203073C9008E11D8 /* Debug */,
				2B328E66203073C9008E11D8 /* Release */,
			);
			defaultConfigurationIsVisible = 0;
			defaultConfigurationName = Release;
		};
		2B328E67203073C9008E11D8 /* Build configuration list for PBXNativeTarget "breackpoint" */ = {
			isa = XCConfigurationList;
			buildConfigurations = (
				2B328E68203073C9008E11D8 /* Debug */,
				2B328E69203073C9008E11D8 /* Release */,
			);
			defaultConfigurationIsVisible = 0;
			defaultConfigurationName = Release;
		};
/* End XCConfigurationList section */
	};
	rootObject = 2B328E4B203073C9008E11D8 /* Project object */;
}
